
Microsoft Visual Studio Solution File, Format Version 12.00
# Visual Studio 14
VisualStudioVersion = 14.0.23107.0
MinimumVisualStudioVersion = 10.0.40219.1
Project("{FAE04EC0-301F-11D3-BF4B-00C04F79EFBC}") = "AppForFitnesse", "AppForFitnesse\AppForFitnesse.csproj", "{08D64C74-1443-4A15-AB88-197AEAC05027}"
EndProject
Project("{FAE04EC0-301F-11D3-BF4B-00C04F79EFBC}") = "AcceptanceTests", "AcceptanceTests\AcceptanceTests.csproj", "{2BDA9440-34D3-44EC-BEA8-0E8AB580E733}"
EndProject
Global
	GlobalSection(SolutionConfigurationPlatforms) = preSolution
		Debug|Any CPU = Debug|Any CPU
		Release|Any CPU = Release|Any CPU
	EndGlobalSection
	GlobalSection(ProjectConfigurationPlatforms) = postSolution
		{08D64C74-1443-4A15-AB88-197AEAC05027}.Debug|Any CPU.ActiveCfg = Debug|Any CPU
		{08D64C74-1443-4A15-AB88-197AEAC05027}.Debug|Any CPU.Build.0 = Debug|Any CPU
		{08D64C74-1443-4A15-AB88-197AEAC05027}.Release|Any CPU.ActiveCfg = Release|Any CPU
		{08D64C74-1443-4A15-AB88-197AEAC05027}.Release|Any CPU.Build.0 = Release|Any CPU
		{2BDA9440-34D3-44EC-BEA8-0E8AB580E733}.Debug|Any CPU.ActiveCfg = Debug|Any CPU
		{2BDA9440-34D3-44EC-BEA8-0E8AB580E733}.Debug|Any CPU.Build.0 = Debug|Any CPU
		{2BDA9440-34D3-44EC-BEA8-0E8AB580E733}.Release|Any CPU.ActiveCfg = Release|Any CPU
		{2BDA9440-34D3-44EC-BEA8-0E8AB580E733}.Release|Any CPU.Build.0 = Release|Any CPU
	EndGlobalSection
	GlobalSection(SolutionProperties) = preSolution
		HideSolutionNode = FALSE
	EndGlobalSection
EndGlobal
