
Microsoft Visual Studio Solution File, Format Version 12.00
# Visual Studio 14
VisualStudioVersion = 14.0.24720.0
MinimumVisualStudioVersion = 10.0.40219.1
Project("{FAE04EC0-301F-11D3-BF4B-00C04F79EFBC}") = "Sicp", "Sicp\Sicp.csproj", "{B6BDE5AE-D4DE-4ACA-BF11-31B33ABF96CD}"
EndProject
Project("{F2A71F9B-5D33-465A-A702-920D77279786}") = "Fsharp", "Fsharp\Fsharp.fsproj", "{594CE0AB-91EC-4626-AFA7-FD0E872F899C}"
EndProject
Project("{FAE04EC0-301F-11D3-BF4B-00C04F79EFBC}") = "TravelingDomain", "TravelingDomain\TravelingDomain.csproj", "{DE036B5E-83E8-46DF-B569-BF0041522583}"
EndProject
Project("{FAE04EC0-301F-11D3-BF4B-00C04F79EFBC}") = "CompilerTestApp", "CompilerTestApp\CompilerTestApp.csproj", "{F319B8C0-D2F9-421E-B1FB-8A55E45D8DB6}"
EndProject
Global
	GlobalSection(SolutionConfigurationPlatforms) = preSolution
		Debug|Any CPU = Debug|Any CPU
		Release|Any CPU = Release|Any CPU
	EndGlobalSection
	GlobalSection(ProjectConfigurationPlatforms) = postSolution
		{B6BDE5AE-D4DE-4ACA-BF11-31B33ABF96CD}.Debug|Any CPU.ActiveCfg = Debug|Any CPU
		{B6BDE5AE-D4DE-4ACA-BF11-31B33ABF96CD}.Debug|Any CPU.Build.0 = Debug|Any CPU
		{B6BDE5AE-D4DE-4ACA-BF11-31B33ABF96CD}.Release|Any CPU.ActiveCfg = Release|Any CPU
		{B6BDE5AE-D4DE-4ACA-BF11-31B33ABF96CD}.Release|Any CPU.Build.0 = Release|Any CPU
		{594CE0AB-91EC-4626-AFA7-FD0E872F899C}.Debug|Any CPU.ActiveCfg = Debug|Any CPU
		{594CE0AB-91EC-4626-AFA7-FD0E872F899C}.Debug|Any CPU.Build.0 = Debug|Any CPU
		{594CE0AB-91EC-4626-AFA7-FD0E872F899C}.Release|Any CPU.ActiveCfg = Release|Any CPU
		{594CE0AB-91EC-4626-AFA7-FD0E872F899C}.Release|Any CPU.Build.0 = Release|Any CPU
		{DE036B5E-83E8-46DF-B569-BF0041522583}.Debug|Any CPU.ActiveCfg = Debug|Any CPU
		{DE036B5E-83E8-46DF-B569-BF0041522583}.Debug|Any CPU.Build.0 = Debug|Any CPU
		{DE036B5E-83E8-46DF-B569-BF0041522583}.Release|Any CPU.ActiveCfg = Release|Any CPU
		{DE036B5E-83E8-46DF-B569-BF0041522583}.Release|Any CPU.Build.0 = Release|Any CPU
		{F319B8C0-D2F9-421E-B1FB-8A55E45D8DB6}.Debug|Any CPU.ActiveCfg = Debug|Any CPU
		{F319B8C0-D2F9-421E-B1FB-8A55E45D8DB6}.Debug|Any CPU.Build.0 = Debug|Any CPU
		{F319B8C0-D2F9-421E-B1FB-8A55E45D8DB6}.Release|Any CPU.ActiveCfg = Release|Any CPU
		{F319B8C0-D2F9-421E-B1FB-8A55E45D8DB6}.Release|Any CPU.Build.0 = Release|Any CPU
	EndGlobalSection
	GlobalSection(SolutionProperties) = preSolution
		HideSolutionNode = FALSE
	EndGlobalSection
EndGlobal
